lockfileVersion: '9.0'

settings:
  autoInstallPeers: true
  excludeLinksFromLockfile: false

importers:

  .:
    dependencies:
      next:
        specifier: 15.0.0-rc.0
        version: 15.0.0-rc.0(babel-plugin-react-compiler@0.0.0-experimental-938cd9a-20240601)(react-dom@19.0.0-rc.0(react@19.0.0-rc.0))(react@19.0.0-rc.0)
      react:
        specifier: 19.0.0-rc.0
        version: 19.0.0-rc.0
      react-dom:
        specifier: 19.0.0-rc.0
        version: 19.0.0-rc.0(react@19.0.0-rc.0)
      react-icons:
        specifier: ^5.3.0
        version: 5.3.0(react@19.0.0-rc.0)
    devDependencies:
      '@biomejs/biome':
        specifier: ^1.9.2
        version: 1.9.2
      '@tailwindcss/postcss':
        specifier: 4.0.0-alpha.23
        version: 4.0.0-alpha.23(postcss@8.4.47)
      '@types/node':
        specifier: ^22.5.5
        version: 22.5.5
      '@types/react':
        specifier: ^18.3.8
        version: 18.3.8
      autoprefixer:
        specifier: ^10.4.20
        version: 10.4.20(postcss@8.4.47)
      babel-plugin-react-compiler:
        specifier: 0.0.0-experimental-938cd9a-20240601
        version: 0.0.0-experimental-938cd9a-20240601
      postcss:
        specifier: ^8.4.47
        version: 8.4.47
      tailwindcss:
        specifier: 4.0.0-alpha.23
        version: 4.0.0-alpha.23
      typescript:
        specifier: 5.6.2
        version: 5.6.2

packages:

  '@babel/generator@7.2.0':
    resolution: {integrity: sha512-BA75MVfRlFQG2EZgFYIwyT1r6xSkwfP2bdkY/kLZusEYWiJs4xCowab/alaEaT0wSvmVuXGqiefeBlP+7V1yKg==}

  '@babel/helper-string-parser@7.24.7':
    resolution: {integrity: sha512-7MbVt6xrwFQbunH2DNQsAP5sTGxfqQtErvBIvIMi6EQnbgUOuVYanvREcmFrOPhoXBrTtjhhP+lW+o5UfK+tDg==}
    engines: {node: '>=6.9.0'}

  '@babel/helper-validator-identifier@7.24.7':
    resolution: {integrity: sha512-rR+PBcQ1SMQDDyF6X0wxtG8QyLCgUB0eRAGguqRLfkCA87l7yAP7ehq8SNj96OOGTO8OBV70KhuFYcIkHXOg0w==}
    engines: {node: '>=6.9.0'}

  '@babel/types@7.24.7':
    resolution: {integrity: sha512-XEFXSlxiG5td2EJRe8vOmRbaXVgfcBlszKujvVmWIK/UpywWljQCfzAv3RQCGujWQ1RD4YYWEAqDXfuJiy8f5Q==}
    engines: {node: '>=6.9.0'}

  '@biomejs/biome@1.9.2':
    resolution: {integrity: sha512-4j2Gfwft8Jqp1X0qLYvK4TEy4xhTo4o6rlvJPsjPeEame8gsmbGQfOPBkw7ur+7/Z/f0HZmCZKqbMvR7vTXQYQ==}
    engines: {node: '>=14.21.3'}
    hasBin: true

  '@biomejs/cli-darwin-arm64@1.9.2':
    resolution: {integrity: sha512-rbs9uJHFmhqB3Td0Ro+1wmeZOHhAPTL3WHr8NtaVczUmDhXkRDWScaxicG9+vhSLj1iLrW47itiK6xiIJy6vaA==}
    engines: {node: '>=14.21.3'}
    cpu: [arm64]
    os: [darwin]

  '@biomejs/cli-darwin-x64@1.9.2':
    resolution: {integrity: sha512-BlfULKijNaMigQ9GH9fqJVt+3JTDOSiZeWOQtG/1S1sa8Lp046JHG3wRJVOvekTPL9q/CNFW1NVG8J0JN+L1OA==}
    engines: {node: '>=14.21.3'}
    cpu: [x64]
    os: [darwin]

  '@biomejs/cli-linux-arm64-musl@1.9.2':
    resolution: {integrity: sha512-ZATvbUWhNxegSALUnCKWqetTZqrK72r2RsFD19OK5jXDj/7o1hzI1KzDNG78LloZxftrwr3uI9SqCLh06shSZw==}
    engines: {node: '>=14.21.3'}
    cpu: [arm64]
    os: [linux]

  '@biomejs/cli-linux-arm64@1.9.2':
    resolution: {integrity: sha512-T8TJuSxuBDeQCQzxZu2o3OU4eyLumTofhCxxFd3+aH2AEWVMnH7Z/c3QP1lHI5RRMBP9xIJeMORqDQ5j+gVZzw==}
    engines: {node: '>=14.21.3'}
    cpu: [arm64]
    os: [linux]

  '@biomejs/cli-linux-x64-musl@1.9.2':
    resolution: {integrity: sha512-CjPM6jT1miV5pry9C7qv8YJk0FIZvZd86QRD3atvDgfgeh9WQU0k2Aoo0xUcPdTnoz0WNwRtDicHxwik63MmSg==}
    engines: {node: '>=14.21.3'}
    cpu: [x64]
    os: [linux]

  '@biomejs/cli-linux-x64@1.9.2':
    resolution: {integrity: sha512-T0cPk3C3Jr2pVlsuQVTBqk2qPjTm8cYcTD9p/wmR9MeVqui1C/xTVfOIwd3miRODFMrJaVQ8MYSXnVIhV9jTjg==}
    engines: {node: '>=14.21.3'}
    cpu: [x64]
    os: [linux]

  '@biomejs/cli-win32-arm64@1.9.2':
    resolution: {integrity: sha512-2x7gSty75bNIeD23ZRPXyox6Z/V0M71ObeJtvQBhi1fgrvPdtkEuw7/0wEHg6buNCubzOFuN9WYJm6FKoUHfhg==}
    engines: {node: '>=14.21.3'}
    cpu: [arm64]
    os: [win32]

  '@biomejs/cli-win32-x64@1.9.2':
    resolution: {integrity: sha512-JC3XvdYcjmu1FmAehVwVV0SebLpeNTnO2ZaMdGCSOdS7f8O9Fq14T2P1gTG1Q29Q8Dt1S03hh0IdVpIZykOL8g==}
    engines: {node: '>=14.21.3'}
    cpu: [x64]
    os: [win32]

  '@emnapi/runtime@1.2.0':
    resolution: {integrity: sha512-bV21/9LQmcQeCPEg3BDFtvwL6cwiTMksYNWQQ4KOxCZikEGalWtenoZ0wCiukJINlGCIi2KXx01g4FoH/LxpzQ==}

  '@img/sharp-darwin-arm64@0.33.4':
    resolution: {integrity: sha512-p0suNqXufJs9t3RqLBO6vvrgr5OhgbWp76s5gTRvdmxmuv9E1rcaqGUsl3l4mKVmXPkTkTErXediAui4x+8PSA==}
    engines: {glibc: '>=2.26', node: ^18.17.0 || ^20.3.0 || >=21.0.0, npm: '>=9.6.5', pnpm: '>=7.1.0', yarn: '>=3.2.0'}
    cpu: [arm64]
    os: [darwin]

  '@img/sharp-darwin-x64@0.33.4':
    resolution: {integrity: sha512-0l7yRObwtTi82Z6ebVI2PnHT8EB2NxBgpK2MiKJZJ7cz32R4lxd001ecMhzzsZig3Yv9oclvqqdV93jo9hy+Dw==}
    engines: {glibc: '>=2.26', node: ^18.17.0 || ^20.3.0 || >=21.0.0, npm: '>=9.6.5', pnpm: '>=7.1.0', yarn: '>=3.2.0'}
    cpu: [x64]
    os: [darwin]

  '@img/sharp-libvips-darwin-arm64@1.0.2':
    resolution: {integrity: sha512-tcK/41Rq8IKlSaKRCCAuuY3lDJjQnYIW1UXU1kxcEKrfL8WR7N6+rzNoOxoQRJWTAECuKwgAHnPvqXGN8XfkHA==}
    engines: {macos: '>=11', npm: '>=9.6.5', pnpm: '>=7.1.0', yarn: '>=3.2.0'}
    cpu: [arm64]
    os: [darwin]

  '@img/sharp-libvips-darwin-x64@1.0.2':
    resolution: {integrity: sha512-Ofw+7oaWa0HiiMiKWqqaZbaYV3/UGL2wAPeLuJTx+9cXpCRdvQhCLG0IH8YGwM0yGWGLpsF4Su9vM1o6aer+Fw==}
    engines: {macos: '>=10.13', npm: '>=9.6.5', pnpm: '>=7.1.0', yarn: '>=3.2.0'}
    cpu: [x64]
    os: [darwin]

  '@img/sharp-libvips-linux-arm64@1.0.2':
    resolution: {integrity: sha512-x7kCt3N00ofFmmkkdshwj3vGPCnmiDh7Gwnd4nUwZln2YjqPxV1NlTyZOvoDWdKQVDL911487HOueBvrpflagw==}
    engines: {glibc: '>=2.26', npm: '>=9.6.5', pnpm: '>=7.1.0', yarn: '>=3.2.0'}
    cpu: [arm64]
    os: [linux]

  '@img/sharp-libvips-linux-arm@1.0.2':
    resolution: {integrity: sha512-iLWCvrKgeFoglQxdEwzu1eQV04o8YeYGFXtfWU26Zr2wWT3q3MTzC+QTCO3ZQfWd3doKHT4Pm2kRmLbupT+sZw==}
    engines: {glibc: '>=2.28', npm: '>=9.6.5', pnpm: '>=7.1.0', yarn: '>=3.2.0'}
    cpu: [arm]
    os: [linux]

  '@img/sharp-libvips-linux-s390x@1.0.2':
    resolution: {integrity: sha512-cmhQ1J4qVhfmS6szYW7RT+gLJq9dH2i4maq+qyXayUSn9/3iY2ZeWpbAgSpSVbV2E1JUL2Gg7pwnYQ1h8rQIog==}
    engines: {glibc: '>=2.28', npm: '>=9.6.5', pnpm: '>=7.1.0', yarn: '>=3.2.0'}
    cpu: [s390x]
    os: [linux]

  '@img/sharp-libvips-linux-x64@1.0.2':
    resolution: {integrity: sha512-E441q4Qdb+7yuyiADVi5J+44x8ctlrqn8XgkDTwr4qPJzWkaHwD489iZ4nGDgcuya4iMN3ULV6NwbhRZJ9Z7SQ==}
    engines: {glibc: '>=2.26', npm: '>=9.6.5', pnpm: '>=7.1.0', yarn: '>=3.2.0'}
    cpu: [x64]
    os: [linux]

  '@img/sharp-libvips-linuxmusl-arm64@1.0.2':
    resolution: {integrity: sha512-3CAkndNpYUrlDqkCM5qhksfE+qSIREVpyoeHIU6jd48SJZViAmznoQQLAv4hVXF7xyUB9zf+G++e2v1ABjCbEQ==}
    engines: {musl: '>=1.2.2', npm: '>=9.6.5', pnpm: '>=7.1.0', yarn: '>=3.2.0'}
    cpu: [arm64]
    os: [linux]

  '@img/sharp-libvips-linuxmusl-x64@1.0.2':
    resolution: {integrity: sha512-VI94Q6khIHqHWNOh6LLdm9s2Ry4zdjWJwH56WoiJU7NTeDwyApdZZ8c+SADC8OH98KWNQXnE01UdJ9CSfZvwZw==}
    engines: {musl: '>=1.2.2', npm: '>=9.6.5', pnpm: '>=7.1.0', yarn: '>=3.2.0'}
    cpu: [x64]
    os: [linux]

  '@img/sharp-linux-arm64@0.33.4':
    resolution: {integrity: sha512-2800clwVg1ZQtxwSoTlHvtm9ObgAax7V6MTAB/hDT945Tfyy3hVkmiHpeLPCKYqYR1Gcmv1uDZ3a4OFwkdBL7Q==}
    engines: {glibc: '>=2.26', node: ^18.17.0 || ^20.3.0 || >=21.0.0, npm: '>=9.6.5', pnpm: '>=7.1.0', yarn: '>=3.2.0'}
    cpu: [arm64]
    os: [linux]

  '@img/sharp-linux-arm@0.33.4':
    resolution: {integrity: sha512-RUgBD1c0+gCYZGCCe6mMdTiOFS0Zc/XrN0fYd6hISIKcDUbAW5NtSQW9g/powkrXYm6Vzwd6y+fqmExDuCdHNQ==}
    engines: {glibc: '>=2.28', node: ^18.17.0 || ^20.3.0 || >=21.0.0, npm: '>=9.6.5', pnpm: '>=7.1.0', yarn: '>=3.2.0'}
    cpu: [arm]
    os: [linux]

  '@img/sharp-linux-s390x@0.33.4':
    resolution: {integrity: sha512-h3RAL3siQoyzSoH36tUeS0PDmb5wINKGYzcLB5C6DIiAn2F3udeFAum+gj8IbA/82+8RGCTn7XW8WTFnqag4tQ==}
    engines: {glibc: '>=2.31', node: ^18.17.0 || ^20.3.0 || >=21.0.0, npm: '>=9.6.5', pnpm: '>=7.1.0', yarn: '>=3.2.0'}
    cpu: [s390x]
    os: [linux]

  '@img/sharp-linux-x64@0.33.4':
    resolution: {integrity: sha512-GoR++s0XW9DGVi8SUGQ/U4AeIzLdNjHka6jidVwapQ/JebGVQIpi52OdyxCNVRE++n1FCLzjDovJNozif7w/Aw==}
    engines: {glibc: '>=2.26', node: ^18.17.0 || ^20.3.0 || >=21.0.0, npm: '>=9.6.5', pnpm: '>=7.1.0', yarn: '>=3.2.0'}
    cpu: [x64]
    os: [linux]

  '@img/sharp-linuxmusl-arm64@0.33.4':
    resolution: {integrity: sha512-nhr1yC3BlVrKDTl6cO12gTpXMl4ITBUZieehFvMntlCXFzH2bvKG76tBL2Y/OqhupZt81pR7R+Q5YhJxW0rGgQ==}
    engines: {musl: '>=1.2.2', node: ^18.17.0 || ^20.3.0 || >=21.0.0, npm: '>=9.6.5', pnpm: '>=7.1.0', yarn: '>=3.2.0'}
    cpu: [arm64]
    os: [linux]

  '@img/sharp-linuxmusl-x64@0.33.4':
    resolution: {integrity: sha512-uCPTku0zwqDmZEOi4ILyGdmW76tH7dm8kKlOIV1XC5cLyJ71ENAAqarOHQh0RLfpIpbV5KOpXzdU6XkJtS0daw==}
    engines: {musl: '>=1.2.2', node: ^18.17.0 || ^20.3.0 || >=21.0.0, npm: '>=9.6.5', pnpm: '>=7.1.0', yarn: '>=3.2.0'}
    cpu: [x64]
    os: [linux]

  '@img/sharp-wasm32@0.33.4':
    resolution: {integrity: sha512-Bmmauh4sXUsUqkleQahpdNXKvo+wa1V9KhT2pDA4VJGKwnKMJXiSTGphn0gnJrlooda0QxCtXc6RX1XAU6hMnQ==}
    engines: {node: ^18.17.0 || ^20.3.0 || >=21.0.0, npm: '>=9.6.5', pnpm: '>=7.1.0', yarn: '>=3.2.0'}
    cpu: [wasm32]

  '@img/sharp-win32-ia32@0.33.4':
    resolution: {integrity: sha512-99SJ91XzUhYHbx7uhK3+9Lf7+LjwMGQZMDlO/E/YVJ7Nc3lyDFZPGhjwiYdctoH2BOzW9+TnfqcaMKt0jHLdqw==}
    engines: {node: ^18.17.0 || ^20.3.0 || >=21.0.0, npm: '>=9.6.5', pnpm: '>=7.1.0', yarn: '>=3.2.0'}
    cpu: [ia32]
    os: [win32]

  '@img/sharp-win32-x64@0.33.4':
    resolution: {integrity: sha512-3QLocdTRVIrFNye5YocZl+KKpYKP+fksi1QhmOArgx7GyhIbQp/WrJRu176jm8IxromS7RIkzMiMINVdBtC8Aw==}
    engines: {node: ^18.17.0 || ^20.3.0 || >=21.0.0, npm: '>=9.6.5', pnpm: '>=7.1.0', yarn: '>=3.2.0'}
    cpu: [x64]
    os: [win32]

  '@jest/types@24.9.0':
    resolution: {integrity: sha512-XKK7ze1apu5JWQ5eZjHITP66AX+QsLlbaJRBGYr8pNzwcAE2JVkwnf0yqjHTsDRcjR0mujy/NmZMXw5kl+kGBw==}
    engines: {node: '>= 6'}

  '@next/env@15.0.0-rc.0':
    resolution: {integrity: sha512-6W0ndQvHR9sXcqcKeR/inD2UTRCs9+VkSK3lfaGmEuZs7EjwwXMO2BPYjz9oBrtfPL3xuTjtXsHKSsalYQ5l1Q==}

  '@next/swc-darwin-arm64@15.0.0-rc.0':
    resolution: {integrity: sha512-4OpTXvAWcSabXA5d688zdUwa3sfT9QrLnHMdpv4q2UDnnuqmOI0xLb6lrOxwpi+vHJNkneuNLqyc5HGBhkqL6A==}
    engines: {node: '>= 10'}
    cpu: [arm64]
    os: [darwin]

  '@next/swc-darwin-x64@15.0.0-rc.0':
    resolution: {integrity: sha512-/TD8M9DT244uhtFA8P/0DUbM7ftg2zio6yOo6ajV16vNjkcug9Kt9//Wa4SrJjWcsGZpViLctOlwn3/6JFAuAA==}
    engines: {node: '>= 10'}
    cpu: [x64]
    os: [darwin]

  '@next/swc-linux-arm64-gnu@15.0.0-rc.0':
    resolution: {integrity: sha512-3VTO32938AcqOlOI/U61/MIpeYrblP22VU1GrgmMQJozsAXEJgLCgf3wxZtn61/FG4Yc0tp7rPZE2t1fIGe0+w==}
    engines: {node: '>= 10'}
    cpu: [arm64]
    os: [linux]

  '@next/swc-linux-arm64-musl@15.0.0-rc.0':
    resolution: {integrity: sha512-0kDnxM3AfrrHFJ/wTkjkv7cVHIaGwv+CzDg9lL2BoLEM4kMQhH20DTsBOMqpTpo1K2KCg67LuTGd3QOITT5uFQ==}
    engines: {node: '>= 10'}
    cpu: [arm64]
    os: [linux]

  '@next/swc-linux-x64-gnu@15.0.0-rc.0':
    resolution: {integrity: sha512-fPMNahzqYFjm5h0ncJ5+F3NrShmWhpusM+zrQl01MMU0Ed5xsL4pJJDSuXV4wPkNUSjCP3XstTjxR5kBdO4juQ==}
    engines: {node: '>= 10'}
    cpu: [x64]
    os: [linux]

  '@next/swc-linux-x64-musl@15.0.0-rc.0':
    resolution: {integrity: sha512-7/FLgOqrrQAxOVQrxfr3bGgZ83pSCmc2S3TXBILnHw0S8qLxmFjhSjH5ogaDmjrES/PSYMaX1FsP5Af88hp7Gw==}
    engines: {node: '>= 10'}
    cpu: [x64]
    os: [linux]

  '@next/swc-win32-arm64-msvc@15.0.0-rc.0':
    resolution: {integrity: sha512-5wcqoYHh7hbdghjH6Xs3i5/f0ov+i1Xw2E3O+BzZNESYVLgCM1q7KJu5gdGFoXA2gz5XaKF/VBcYHikLzyjgmA==}
    engines: {node: '>= 10'}
    cpu: [arm64]
    os: [win32]

  '@next/swc-win32-ia32-msvc@15.0.0-rc.0':
    resolution: {integrity: sha512-/hqOmYRTvtBPToE4Dbl9n+sLYU7DPd52R+TtjIrrEzTMgFo2/d7un3sD7GKmb2OwOj/ExyGv6Bd/JzytBVxXlw==}
    engines: {node: '>= 10'}
    cpu: [ia32]
    os: [win32]

  '@next/swc-win32-x64-msvc@15.0.0-rc.0':
    resolution: {integrity: sha512-2Jly5nShvCUzzngP3RzdQ3JcuEcHcnIEvkvZDCXqFAK+bWks4+qOkEUO1QIAERQ99J5J9/1AN/8zFBme3Mm57A==}
    engines: {node: '>= 10'}
    cpu: [x64]
    os: [win32]

  '@swc/helpers@0.5.11':
    resolution: {integrity: sha512-YNlnKRWF2sVojTpIyzwou9XoTNbzbzONwRhOoniEioF1AtaitTvVZblaQRrAzChWQ1bLYyYSWzM18y4WwgzJ+A==}

  '@tailwindcss/node@4.0.0-alpha.23':
    resolution: {integrity: sha512-cijBaDwohFIHQ9miyzhONgvxMkTe7mRhH4QnPmszfD6dcqo3E/Vkm+RA1elKlWrAiSZo7LcwUSQALvMr0ENS9Q==}

  '@tailwindcss/oxide-android-arm64@4.0.0-alpha.23':
    resolution: {integrity: sha512-NVpSsdw9u9zg52b7U+3JNSKsYuDnr0zWja4EaWOeyVFKAuNCIj0hkqe8PRxhaqH292a23CKgpqnpOa0y0r22kQ==}
    engines: {node: '>= 10'}
    cpu: [arm64]
    os: [android]

  '@tailwindcss/oxide-darwin-arm64@4.0.0-alpha.23':
    resolution: {integrity: sha512-4DvJqUhRfEYS61/LvmCvekszE+JX6tzsUKGTcd+AFKRpWlgVv3+U4GaSg7tT9Qw1lCcnvBMlfX6+uoy1PngGpQ==}
    engines: {node: '>= 10'}
    cpu: [arm64]
    os: [darwin]

  '@tailwindcss/oxide-darwin-x64@4.0.0-alpha.23':
    resolution: {integrity: sha512-sieWEozY+Ezk93ZocojMwIdTyI6C8F65UGNBJw2IXpYo6eA4/iJkCTNbSZRE36HJCfnaGxv0Ck2c8fLZjz6NXQ==}
    engines: {node: '>= 10'}
    cpu: [x64]
    os: [darwin]

  '@tailwindcss/oxide-freebsd-x64@4.0.0-alpha.23':
    resolution: {integrity: sha512-qYNSPJ5v1lfCE2nfiuYw71WOz7Ni/sVgIDc11jOs1W0MoQfChIQ9ylO0rSH72PrhJVdvwmPGHTUUAP07+CwAOQ==}
    engines: {node: '>= 10'}
    cpu: [x64]
    os: [freebsd]

  '@tailwindcss/oxide-linux-arm-gnueabihf@4.0.0-alpha.23':
    resolution: {integrity: sha512-7zXukEjz8i1fiR8cyA4Tta1IqjoLlc7TQWqkdE05C2ZYqrE+JTmTgE47JdcErU8XA16FBWmajIIyTv1FN78ZrQ==}
    engines: {node: '>= 10'}
    cpu: [arm]
    os: [linux]

  '@tailwindcss/oxide-linux-arm64-gnu@4.0.0-alpha.23':
    resolution: {integrity: sha512-UQ5vKDxYE4+8QwTEifXkjGJOS1tckomzfiQC++6hiH89dtg199thWLVWBsqbU8meleFaO3VGr/sPUKILbwX8IA==}
    engines: {node: '>= 10'}
    cpu: [arm64]
    os: [linux]

  '@tailwindcss/oxide-linux-arm64-musl@4.0.0-alpha.23':
    resolution: {integrity: sha512-60cHuT660aeoHZ5Wpefxc3SRAdVdBVN1geypeKHzvnbdVDPzYj1XKQusrQ9tbNoknjn4182frqwd8a1RZaoeEw==}
    engines: {node: '>= 10'}
    cpu: [arm64]
    os: [linux]

  '@tailwindcss/oxide-linux-x64-gnu@4.0.0-alpha.23':
    resolution: {integrity: sha512-1IhD1/kVZZIrpI/Z+i8KsirrEo0aO6WN/NRprYzNvMhj0d2+Aqy4RRqlj++vtvPFpesT8CqsZP1wLexM/6cK2Q==}
    engines: {node: '>= 10'}
    cpu: [x64]
    os: [linux]

  '@tailwindcss/oxide-linux-x64-musl@4.0.0-alpha.23':
    resolution: {integrity: sha512-Bqbr17np6qE41gbnVMkpRSYJhwGv1PGz7cU+8upuQWx6b8uNptwcCJLOLLt3dQFqfieK/2NEs2QZZevxLsq5ng==}
    engines: {node: '>= 10'}
    cpu: [x64]
    os: [linux]

  '@tailwindcss/oxide-win32-x64-msvc@4.0.0-alpha.23':
    resolution: {integrity: sha512-N31hPSK1Uxo17dWwn6fQEMWqvFBxMUZWRoHOZG7qbHe6NTTC69wFMDzdxCY1nbRnvx5ObAiWzRFuZoNES7AzSg==}
    engines: {node: '>= 10'}
    cpu: [x64]
    os: [win32]

  '@tailwindcss/oxide@4.0.0-alpha.23':
    resolution: {integrity: sha512-MC1WuACDTUDxQPblqDNA3x67mmbADYhWbBFA0EgFd30MD2YT6MP9+VhvN9ZkBL2owu9CIcqjAED7/Wa4XtcOLg==}
    engines: {node: '>= 10'}

  '@tailwindcss/postcss@4.0.0-alpha.23':
    resolution: {integrity: sha512-MLUOMQPBpLF9MEWrVxB7KQFt3bxKHHPY6WwQnHEEFgyEWlHs+FyHDnkNOCMr0f7KJja5MOZqLO1vY2S8+blzLQ==}

  '@types/istanbul-lib-coverage@2.0.6':
    resolution: {integrity: sha512-2QF/t/auWm0lsy8XtKVPG19v3sSOQlJe/YHZgfjb/KBBHOGSV+J2q/S671rcq9uTBrLAXmZpqJiaQbMT+zNU1w==}

  '@types/istanbul-lib-report@3.0.3':
    resolution: {integrity: sha512-NQn7AHQnk/RSLOxrBbGyJM/aVQ+pjj5HCgasFxc0K/KhoATfQ/47AyUl15I2yBUpihjmas+a+VJBOqecrFH+uA==}

  '@types/istanbul-reports@1.1.2':
    resolution: {integrity: sha512-P/W9yOX/3oPZSpaYOCQzGqgCQRXn0FFO/V8bWrCQs+wLmvVVxk6CRBXALEvNs9OHIatlnlFokfhuDo2ug01ciw==}

  '@types/node@22.5.5':
    resolution: {integrity: sha512-Xjs4y5UPO/CLdzpgR6GirZJx36yScjh73+2NlLlkFRSoQN8B0DpfXPdZGnvVmLRLOsqDpOfTNv7D9trgGhmOIA==}

  '@types/prop-types@15.7.13':
    resolution: {integrity: sha512-hCZTSvwbzWGvhqxp/RqVqwU999pBf2vp7hzIjiYOsl8wqOmUxkQ6ddw1cV3l8811+kdUFus/q4d1Y3E3SyEifA==}

  '@types/react@18.3.8':
    resolution: {integrity: sha512-syBUrW3/XpnW4WJ41Pft+I+aPoDVbrBVQGEnbD7NijDGlVC+8gV/XKRY+7vMDlfPpbwYt0l1vd/Sj8bJGMbs9Q==}

  '@types/yargs-parser@21.0.3':
    resolution: {integrity: sha512-I4q9QU9MQv4oEOz4tAHJtNz1cwuLxn2F3xcc2iV5WdqLPpUnj30aUuxt1mAxYTG+oe8CZMV/+6rU4S4gRDzqtQ==}

  '@types/yargs@13.0.12':
    resolution: {integrity: sha512-qCxJE1qgz2y0hA4pIxjBR+PelCH0U5CK1XJXFwCNqfmliatKp47UCXXE9Dyk1OXBDLvsCF57TqQEJaeLfDYEOQ==}

  ansi-regex@4.1.1:
    resolution: {integrity: sha512-ILlv4k/3f6vfQ4OoP2AGvirOktlQ98ZEL1k9FaQjxa3L1abBgbuTDAdPOpvbGncC0BTVQrl+OM8xZGK6tWXt7g==}
    engines: {node: '>=6'}

  ansi-styles@3.2.1:
    resolution: {integrity: sha512-VT0ZI6kZRdTh8YyJw3SMbYm/u+NqfsAxEpWO0Pf9sq8/e94WxxOpPKx9FR1FlyCtOVDNOQ+8ntlqFxiRc+r5qA==}
    engines: {node: '>=4'}

  ansi-styles@4.3.0:
    resolution: {integrity: sha512-zbB9rCJAT1rbjiVDb2hqKFHNYLxgtk8NURxZ3IZwD3F6NtxbXZQCnnSi1Lkx+IDohdPlFp222wVALIheZJQSEg==}
    engines: {node: '>=8'}

  autoprefixer@10.4.20:
    resolution: {integrity: sha512-XY25y5xSv/wEoqzDyXXME4AFfkZI0P23z6Fs3YgymDnKJkCGOnkL0iTxCa85UTqaSgfcqyf3UA6+c7wUvx/16g==}
    engines: {node: ^10 || ^12 || >=14}
    hasBin: true
    peerDependencies:
      postcss: ^8.1.0

  babel-plugin-react-compiler@0.0.0-experimental-938cd9a-20240601:
    resolution: {integrity: sha512-t+uBHxbfxq2z4j83ZYgOsV0dlSaRgPfhrYB5+CMv6ByXUAv5wm7m7YLFx67fWKrG3eDhq3+KH1OMeFypuDLkUA==}

  browserslist@4.23.3:
    resolution: {integrity: sha512-btwCFJVjI4YWDNfau8RhZ+B1Q/VLoUITrm3RlP6y1tYGWIOa+InuYiRGXUBXo8nA1qKmHMyLB/iVQg5TT4eFoA==}
    engines: {node: ^6 || ^7 || ^8 || ^9 || ^10 || ^11 || ^12 || >=13.7}
    hasBin: true

  busboy@1.6.0:
    resolution: {integrity: sha512-8SFQbg/0hQ9xy3UNTB0YEnsNBbWfhf7RtnzpL7TkBiTBRfrQ9Fxcnz7VJsleJpyp6rVLvXiuORqjlHi5q+PYuA==}
    engines: {node: '>=10.16.0'}

  caniuse-lite@1.0.30001629:
    resolution: {integrity: sha512-c3dl911slnQhmxUIT4HhYzT7wnBK/XYpGnYLOj4nJBaRiw52Ibe7YxlDaAeRECvA786zCuExhxIUJ2K7nHMrBw==}

  caniuse-lite@1.0.30001649:
    resolution: {integrity: sha512-fJegqZZ0ZX8HOWr6rcafGr72+xcgJKI9oWfDW5DrD7ExUtgZC7a7R7ZYmZqplh7XDocFdGeIFn7roAxhOeYrPQ==}

  chalk@4.1.2:
    resolution: {integrity: sha512-oKnbhFyRIXpUuez8iBMmyEa4nbj4IOQyuhc/wy9kY7/WVPcwIO9VA668Pu8RkO7+0G76SLROeyw9CpQ061i4mA==}
    engines: {node: '>=10'}

  client-only@0.0.1:
    resolution: {integrity: sha512-IV3Ou0jSMzZrd3pZ48nLkT9DA7Ag1pnPzaiQhpW7c3RbcqqzvzzVu+L8gfqMp/8IM2MQtSiqaCxrrcfu8I8rMA==}

  color-convert@1.9.3:
    resolution: {integrity: sha512-QfAUtd+vFdAtFQcC8CCyYt1fYWxSqAiK2cSD6zDB8N3cpsEBAvRxp9zOGg6G/SHHJYAT88/az/IuDGALsNVbGg==}

  color-convert@2.0.1:
    resolution: {integrity: sha512-RRECPsj7iu/xb5oKYcsFHSppFNnsj/52OVTRKb4zP5onXwVF3zVmmToNcOfGC+CRDpfK/U584fMg38ZHCaElKQ==}
    engines: {node: '>=7.0.0'}

  color-name@1.1.3:
    resolution: {integrity: sha512-72fSenhMw2HZMTVHeCA9KCmpEIbzWiQsjN+BHcBbS9vr1mtt+vJjPdksIBNUmKAW8TFUDPJK5SUU3QhE9NEXDw==}

  color-name@1.1.4:
    resolution: {integrity: sha512-dOy+3AuW3a2wNbZHIuMZpTcgjGuLU/uBL/ubcZF9OXbDo8ff4O8yVp5Bf0efS8uEoYo5q4Fx7dY9OgQGXgAsQA==}

  color-string@1.9.1:
    resolution: {integrity: sha512-shrVawQFojnZv6xM40anx4CkoDP+fZsw/ZerEMsW/pyzsRbElpsL/DBVW7q3ExxwusdNXI3lXpuhEZkzs8p5Eg==}

  color@4.2.3:
    resolution: {integrity: sha512-1rXeuUUiGGrykh+CeBdu5Ie7OJwinCgQY0bc7GCRxy5xVHy+moaqkpL/jqQq0MtQOeYcrqEz4abc5f0KtU7W4A==}
    engines: {node: '>=12.5.0'}

  csstype@3.1.3:
    resolution: {integrity: sha512-M1uQkMl8rQK/szD0LNhtqxIPLpimGm8sOBwU7lLnCpSbTyY3yeU1Vc7l4KT5zT4s/yOxHH5O7tIuuLOCnLADRw==}

  detect-libc@1.0.3:
    resolution: {integrity: sha512-pGjwhsmsp4kL2RTz08wcOlGN83otlqHeD/Z5T8GXZB+/YcpQ/dgo+lbU8ZsGxV0HIvqqxo9l7mqYwyYMD9bKDg==}
    engines: {node: '>=0.10'}
    hasBin: true

  detect-libc@2.0.3:
    resolution: {integrity: sha512-bwy0MGW55bG41VqxxypOsdSdGqLwXPI/focwgTYCFMbdUiBAxLg9CFzG08sz2aqzknwiX7Hkl0bQENjg8iLByw==}
    engines: {node: '>=8'}

  electron-to-chromium@1.5.4:
    resolution: {integrity: sha512-orzA81VqLyIGUEA77YkVA1D+N+nNfl2isJVjjmOyrlxuooZ19ynb+dOlaDTqd/idKRS9lDCSBmtzM+kyCsMnkA==}

  escalade@3.1.2:
    resolution: {integrity: sha512-ErCHMCae19vR8vQGe50xIsVomy19rg6gFu3+r3jkEO46suLMWBksvVyoGgQV+jOfl84ZSOSlmv6Gxa89PmTGmA==}
    engines: {node: '>=6'}

  fraction.js@4.3.7:
    resolution: {integrity: sha512-ZsDfxO51wGAXREY55a7la9LScWpwv9RxIrYABrlvOFBlH/ShPnrtsXeuUIfXKKOVicNxQ+o8JTbJvjS4M89yew==}

  function-bind@1.1.2:
    resolution: {integrity: sha512-7XHNxH7qX9xG5mIwxkhumTox/MIRNcOgDrxWsMt2pAr23WHp6MrRlN7FBSFpCpr+oVO0F744iUgR82nJMfG2SA==}

  graceful-fs@4.2.11:
    resolution: {integrity: sha512-RbJ5/jmFcNNCcDV5o9eTnBLJ/HszWV0P73bc+Ff4nS/rJj+YaS6IGyiOL0VoBYX+l1Wrl3k63h/KrH+nhJ0XvQ==}

  has-flag@4.0.0:
    resolution: {integrity: sha512-EykJT/Q1KjTWctppgIAgfSO0tKVuZUjhgMr17kqTumMl6Afv3EISleU7qZUzoXDFTAHTDC4NOoG/ZxU3EvlMPQ==}
    engines: {node: '>=8'}

  hasown@2.0.2:
    resolution: {integrity: sha512-0hJU9SCPvmMzIBdZFqNPXWa6dqh7WdH0cII9y+CyS8rG3nL48Bclra9HmKhVVUHyPWNH5Y7xDwAB7bfgSjkUMQ==}
    engines: {node: '>= 0.4'}

  invariant@2.2.4:
    resolution: {integrity: sha512-phJfQVBuaJM5raOpJjSfkiD6BpbCE4Ns//LaXl6wGYtUBY83nWS6Rf9tXm2e8VaK60JEjYldbPif/A2B1C2gNA==}

  is-arrayish@0.3.2:
    resolution: {integrity: sha512-eVRqCvVlZbuw3GrM63ovNSNAeA1K16kaR/LRY/92w0zxQ5/1YzwblUX652i4Xs9RwAGjW9d9y6X88t8OaAJfWQ==}

  is-core-module@2.15.1:
    resolution: {integrity: sha512-z0vtXSwucUJtANQWldhbtbt7BnL0vxiFjIdDLAatwhDYty2bad6s+rijD6Ri4YuYJubLzIJLUidCh09e1djEVQ==}
    engines: {node: '>= 0.4'}

  jiti@2.0.0-beta.3:
    resolution: {integrity: sha512-pmfRbVRs/7khFrSAYnSiJ8C0D5GvzkE4Ey2pAvUcJsw1ly/p+7ut27jbJrjY79BpAJQJ4gXYFtK6d1Aub+9baQ==}
    hasBin: true

  js-tokens@4.0.0:
    resolution: {integrity: sha512-RdJUflcE3cUzKiMqQgsCu06FPu9UdIJO0beYbPhHN4k6apgJtifcoCtT9bcxOpYBtpD2kCM6Sbzg4CausW/PKQ==}

  jsesc@2.5.2:
    resolution: {integrity: sha512-OYu7XEzjkCQ3C5Ps3QIZsQfNpqoJyZZA99wd9aWd05NCtC5pWOkShK2mkL6HXQR6/Cy2lbNdPlZBpuQHXE63gA==}
    engines: {node: '>=4'}
    hasBin: true

  lightningcss-darwin-arm64@1.27.0:
    resolution: {integrity: sha512-Gl/lqIXY+d+ySmMbgDf0pgaWSqrWYxVHoc88q+Vhf2YNzZ8DwoRzGt5NZDVqqIW5ScpSnmmjcgXP87Dn2ylSSQ==}
    engines: {node: '>= 12.0.0'}
    cpu: [arm64]
    os: [darwin]

  lightningcss-darwin-x64@1.27.0:
    resolution: {integrity: sha512-0+mZa54IlcNAoQS9E0+niovhyjjQWEMrwW0p2sSdLRhLDc8LMQ/b67z7+B5q4VmjYCMSfnFi3djAAQFIDuj/Tg==}
    engines: {node: '>= 12.0.0'}
    cpu: [x64]
    os: [darwin]

  lightningcss-freebsd-x64@1.27.0:
    resolution: {integrity: sha512-n1sEf85fePoU2aDN2PzYjoI8gbBqnmLGEhKq7q0DKLj0UTVmOTwDC7PtLcy/zFxzASTSBlVQYJUhwIStQMIpRA==}
    engines: {node: '>= 12.0.0'}
    cpu: [x64]
    os: [freebsd]

  lightningcss-linux-arm-gnueabihf@1.27.0:
    resolution: {integrity: sha512-MUMRmtdRkOkd5z3h986HOuNBD1c2lq2BSQA1Jg88d9I7bmPGx08bwGcnB75dvr17CwxjxD6XPi3Qh8ArmKFqCA==}
    engines: {node: '>= 12.0.0'}
    cpu: [arm]
    os: [linux]

  lightningcss-linux-arm64-gnu@1.27.0:
    resolution: {integrity: sha512-cPsxo1QEWq2sfKkSq2Bq5feQDHdUEwgtA9KaB27J5AX22+l4l0ptgjMZZtYtUnteBofjee+0oW1wQ1guv04a7A==}
    engines: {node: '>= 12.0.0'}
    cpu: [arm64]
    os: [linux]

  lightningcss-linux-arm64-musl@1.27.0:
    resolution: {integrity: sha512-rCGBm2ax7kQ9pBSeITfCW9XSVF69VX+fm5DIpvDZQl4NnQoMQyRwhZQm9pd59m8leZ1IesRqWk2v/DntMo26lg==}
    engines: {node: '>= 12.0.0'}
    cpu: [arm64]
    os: [linux]

  lightningcss-linux-x64-gnu@1.27.0:
    resolution: {integrity: sha512-Dk/jovSI7qqhJDiUibvaikNKI2x6kWPN79AQiD/E/KeQWMjdGe9kw51RAgoWFDi0coP4jinaH14Nrt/J8z3U4A==}
    engines: {node: '>= 12.0.0'}
    cpu: [x64]
    os: [linux]

  lightningcss-linux-x64-musl@1.27.0:
    resolution: {integrity: sha512-QKjTxXm8A9s6v9Tg3Fk0gscCQA1t/HMoF7Woy1u68wCk5kS4fR+q3vXa1p3++REW784cRAtkYKrPy6JKibrEZA==}
    engines: {node: '>= 12.0.0'}
    cpu: [x64]
    os: [linux]

  lightningcss-win32-arm64-msvc@1.27.0:
    resolution: {integrity: sha512-/wXegPS1hnhkeG4OXQKEMQeJd48RDC3qdh+OA8pCuOPCyvnm/yEayrJdJVqzBsqpy1aJklRCVxscpFur80o6iQ==}
    engines: {node: '>= 12.0.0'}
    cpu: [arm64]
    os: [win32]

  lightningcss-win32-x64-msvc@1.27.0:
    resolution: {integrity: sha512-/OJLj94Zm/waZShL8nB5jsNj3CfNATLCTyFxZyouilfTmSoLDX7VlVAmhPHoZWVFp4vdmoiEbPEYC8HID3m6yw==}
    engines: {node: '>= 12.0.0'}
    cpu: [x64]
    os: [win32]

  lightningcss@1.27.0:
    resolution: {integrity: sha512-8f7aNmS1+etYSLHht0fQApPc2kNO8qGRutifN5rVIc6Xo6ABsEbqOr758UwI7ALVbTt4x1fllKt0PYgzD9S3yQ==}
    engines: {node: '>= 12.0.0'}

  lodash@4.17.21:
    resolution: {integrity: sha512-v2kDEe57lecTulaDIuNTPy3Ry4gLGJ6Z1O3vE1krgXZNrsQ+LFTGHVxVjcXPs17LhbZVGedAJv8XZ1tvj5FvSg==}

  loose-envify@1.4.0:
    resolution: {integrity: sha512-lyuxPGr/Wfhrlem2CL/UcnUc1zcqKAImBDzukY7Y5F/yQiNdko6+fRLevlw1HgMySw7f611UIY408EtxRSoK3Q==}
    hasBin: true

  nanoid@3.3.7:
    resolution: {integrity: sha512-eSRppjcPIatRIMC1U6UngP8XFcz8MQWGQdt1MTBQ7NaAmvXDfvNxbvWV3x2y6CdEUciCSsDHDQZbhYaB8QEo2g==}
    engines: {node: ^10 || ^12 || ^13.7 || ^14 || >=15.0.1}
    hasBin: true

  next@15.0.0-rc.0:
    resolution: {integrity: sha512-IWcCvxUSCAuOK5gig4+9yiyt/dLKpIa+WT01Qcx4CBE4TtwJljyTDnCVVn64jDZ4qmSzsaEYXpb4DTI8qbk03A==}
    engines: {node: '>=18.17.0'}
    hasBin: true
    peerDependencies:
      '@opentelemetry/api': ^1.1.0
      '@playwright/test': ^1.41.2
      babel-plugin-react-compiler: '*'
      react: 19.0.0-rc-f994737d14-20240522
      react-dom: 19.0.0-rc-f994737d14-20240522
      sass: ^1.3.0
    peerDependenciesMeta:
      '@opentelemetry/api':
        optional: true
      '@playwright/test':
        optional: true
      babel-plugin-react-compiler:
        optional: true
      sass:
        optional: true

  node-releases@2.0.18:
    resolution: {integrity: sha512-d9VeXT4SJ7ZeOqGX6R5EM022wpL+eWPooLI+5UpWn2jCT1aosUQEhQP214x33Wkwx3JQMvIm+tIoVOdodFS40g==}

  normalize-range@0.1.2:
    resolution: {integrity: sha512-bdok/XvKII3nUpklnV6P2hxtMNrCboOjAcyBuQnWEhO665FwrSNRxU+AqpsyvO6LgGYPspN+lu5CLtw4jPRKNA==}
    engines: {node: '>=0.10.0'}

  path-parse@1.0.7:
    resolution: {integrity: sha512-LDJzPVEEEPR+y48z93A0Ed0yXb8pAByGWo/k5YYdYgpY2/2EsOsksJrq7lOHxryrVOn1ejG6oAp8ahvOIQD8sw==}

  picocolors@1.0.1:
    resolution: {integrity: sha512-anP1Z8qwhkbmu7MFP5iTt+wQKXgwzf7zTyGlcdzabySa9vd0Xt392U0rVmz9poOaBj0uHJKyyo9/upk0HrEQew==}

  picocolors@1.1.0:
    resolution: {integrity: sha512-TQ92mBOW0l3LeMeyLV6mzy/kWr8lkd/hp3mTg7wYK7zJhuBStmGMBG0BdeDZS/dZx1IukaX6Bk11zcln25o1Aw==}

  pify@2.3.0:
    resolution: {integrity: sha512-udgsAY+fTnvv7kI7aaxbqwWNb0AHiB0qBO89PZKPkoTmGOgdbrHDKD+0B2X4uTfJ/FT1R09r9gTsjUjNJotuog==}
    engines: {node: '>=0.10.0'}

  postcss-import@16.1.0:
    resolution: {integrity: sha512-7hsAZ4xGXl4MW+OKEWCnF6T5jqBw80/EE9aXg1r2yyn1RsVEU8EtKXbijEODa+rg7iih4bKf7vlvTGYR4CnPNg==}
    engines: {node: '>=18.0.0'}
    peerDependencies:
      postcss: ^8.0.0

  postcss-value-parser@4.2.0:
    resolution: {integrity: sha512-1NNCs6uurfkVbeXG4S8JFT9t19m45ICnif8zWLd5oPSZ50QnwMfK+H3jv408d4jw/7Bttv5axS5IiHoLaVNHeQ==}

  postcss@8.4.31:
    resolution: {integrity: sha512-PS08Iboia9mts/2ygV3eLpY5ghnUcfLV/EXTOW1E2qYxJKGGBUtNjN76FYHnMs36RmARn41bC0AZmn+rR0OVpQ==}
    engines: {node: ^10 || ^12 || >=14}

  postcss@8.4.47:
    resolution: {integrity: sha512-56rxCq7G/XfB4EkXq9Egn5GCqugWvDFjafDOThIdMBsI15iqPqR5r15TfSr1YPYeEI19YeaXMCbY6u88Y76GLQ==}
    engines: {node: ^10 || ^12 || >=14}

  pretty-format@24.9.0:
    resolution: {integrity: sha512-00ZMZUiHaJrNfk33guavqgvfJS30sLYf0f8+Srklv0AMPodGGHcoHgksZ3OThYnIvOd+8yMCn0YiEOogjlgsnA==}
    engines: {node: '>= 6'}

  react-dom@19.0.0-rc.0:
    resolution: {integrity: sha512-MhgN2RMYFUkZekkFbsXg9ycwEGaMBzATpTNvGGvWNA9BZZEkdzIL4pv7iDuZKn48YoGARk8ydu4S+Ehd8Yrc4g==}
    peerDependencies:
      react: 19.0.0-rc.0

  react-icons@5.3.0:
    resolution: {integrity: sha512-DnUk8aFbTyQPSkCfF8dbX6kQjXA9DktMeJqfjrg6cK9vwQVMxmcA3BfP4QoiztVmEHtwlTgLFsPuH2NskKT6eg==}
    peerDependencies:
      react: '*'

  react-is@16.13.1:
    resolution: {integrity: sha512-24e6ynE2H+OKt4kqsOvNd8kBpV65zoxbA4BVsEOB3ARVWQki/DHzaUoC5KuON/BiccDaCCTZBuOcfZs70kR8bQ==}

  react@19.0.0-rc.0:
    resolution: {integrity: sha512-8nrDCl5uE54FHeKqKrEO0TS+10bT4cxutJGb2okiJc0FHMQ6I3FeItaqly/1nbijlhSO3HmAVyPIexIQQWYAtQ==}
    engines: {node: '>=0.10.0'}

  read-cache@1.0.0:
    resolution: {integrity: sha512-Owdv/Ft7IjOgm/i0xvNDZ1LrRANRfew4b2prF3OWMQLxLfu3bS8FVhCsrSCMK4lR56Y9ya+AThoTpDCTxCmpRA==}

  resolve@1.22.8:
    resolution: {integrity: sha512-oKWePCxqpd6FlLvGV1VU0x7bkPmmCNolxzjMf4NczoDnQcIWrAF+cPtZn5i6n+RfD2d9i0tzpKnG6Yk168yIyw==}
    hasBin: true

  scheduler@0.25.0-rc.0:
    resolution: {integrity: sha512-B3aSqMfoRkucM94MztZD1CyNyf68W9A3dL/TT453G6uNcxMBqGQ+rhFKyxNnWH/mfRHlGBr0tF0F472JCETH4g==}

  semver@7.6.2:
    resolution: {integrity: sha512-FNAIBWCx9qcRhoHcgcJ0gvU7SN1lYU2ZXuSfl04bSC5OpvDHFyJCjdNHomPXxjQlCBU67YW64PzY7/VIEH7F2w==}
    engines: {node: '>=10'}
    hasBin: true

  sharp@0.33.4:
    resolution: {integrity: sha512-7i/dt5kGl7qR4gwPRD2biwD2/SvBn3O04J77XKFgL2OnZtQw+AG9wnuS/csmu80nPRHLYE9E41fyEiG8nhH6/Q==}
    engines: {libvips: '>=8.15.2', node: ^18.17.0 || ^20.3.0 || >=21.0.0}

  simple-swizzle@0.2.2:
    resolution: {integrity: sha512-JA//kQgZtbuY83m+xT+tXJkmJncGMTFT+C+g2h2R9uxkYIrE2yy9sgmcLhCnw57/WSD+Eh3J97FPEDFnbXnDUg==}

  source-map-js@1.2.1:
    resolution: {integrity: sha512-UXWMKhLOwVKb728IUtQPXxfYU+usdybtUrK/8uGE8CQMvrhOpwvzDBwj0QhSL7MQc7vIsISBG8VQ8+IDQxpfQA==}
    engines: {node: '>=0.10.0'}

  source-map@0.5.7:
    resolution: {integrity: sha512-LbrmJOMUSdEVxIKvdcJzQC+nQhe8FUZQTXQy6+I75skNgn3OoQ0DZA8YnFa7gp8tqtL3KPf1kmo0R5DoApeSGQ==}
    engines: {node: '>=0.10.0'}

  streamsearch@1.1.0:
    resolution: {integrity: sha512-Mcc5wHehp9aXz1ax6bZUyY5afg9u2rv5cqQI3mRrYkGC8rW2hM02jWuwjtL++LS5qinSyhj2QfLyNsuc+VsExg==}
    engines: {node: '>=10.0.0'}

  styled-jsx@5.1.3:
    resolution: {integrity: sha512-qLRShOWTE/Mf6Bvl72kFeKBl8N2Eq9WIFfoAuvbtP/6tqlnj1SCjv117n2MIjOPpa1jTorYqLJgsHKy5Y3ziww==}
    engines: {node: '>= 12.0.0'}
    peerDependencies:
      '@babel/core': '*'
      babel-plugin-macros: '*'
      react: '>= 16.8.0 || 17.x.x || ^18.0.0-0 || ^19.0.0-0'
    peerDependenciesMeta:
      '@babel/core':
        optional: true
      babel-plugin-macros:
        optional: true

  supports-color@7.2.0:
    resolution: {integrity: sha512-qpCAvRl9stuOHveKsn7HncJRvv501qIacKzQlO/+Lwxc9+0q2wLyv4Dfvt80/DPn2pqOBsJdDiogXGR9+OvwRw==}
    engines: {node: '>=8'}

  supports-preserve-symlinks-flag@1.0.0:
    resolution: {integrity: sha512-ot0WnXS9fgdkgIcePe6RHNk1WA8+muPa6cSjeR3V8K27q9BB1rTE3R1p7Hv0z1ZyAc8s6Vvv8DIyWf681MAt0w==}
    engines: {node: '>= 0.4'}

  tailwindcss@4.0.0-alpha.23:
    resolution: {integrity: sha512-5dy4L1icQUYkG2Fa427QG3fKGkNqMi6V4bJE0DoxBZkR4e550w7uxYJ7vBXINWrRmDd4LHmQInkgsHza3lwONg==}

  to-fast-properties@2.0.0:
    resolution: {integrity: sha512-/OaKK0xYrs3DmxRYqL/yDc+FxFUVYhDlXMhRmv3z915w2HF1tnN1omB354j8VUGO/hbRzyD6Y3sA7v7GS/ceog==}
    engines: {node: '>=4'}

  trim-right@1.0.1:
    resolution: {integrity: sha512-WZGXGstmCWgeevgTL54hrCuw1dyMQIzWy7ZfqRJfSmJZBwklI15egmQytFP6bPidmw3M8d5yEowl1niq4vmqZw==}
    engines: {node: '>=0.10.0'}

  tslib@2.6.3:
    resolution: {integrity: sha512-xNvxJEOUiWPGhUuUdQgAJPKOOJfGnIyKySOc09XkKsgdUV/3E2zvwZYdejjmRgPCgcym1juLH3226yA7sEFJKQ==}

  typescript@5.6.2:
    resolution: {integrity: sha512-NW8ByodCSNCwZeghjN3o+JX5OFH0Ojg6sadjEKY4huZ52TqbJTJnDo5+Tw98lSy63NZvi4n+ez5m2u5d4PkZyw==}
    engines: {node: '>=14.17'}
    hasBin: true

  undici-types@6.19.8:
    resolution: {integrity: sha512-ve2KP6f/JnbPBFyobGHuerC9g1FYGn/F8n1LWTwNxCEzd6IfqTwUQcNXgEtmmQ6DlRrC1hrSrBnCZPokRrDHjw==}

  update-browserslist-db@1.1.0:
    resolution: {integrity: sha512-EdRAaAyk2cUE1wOf2DkEhzxqOQvFOoRJFNS6NeyJ01Gp2beMRpBAINjM2iDXE3KCuKhwnvHIQCJm6ThL2Z+HzQ==}
    hasBin: true
    peerDependencies:
      browserslist: '>= 4.21.0'

  zod-validation-error@2.1.0:
    resolution: {integrity: sha512-VJh93e2wb4c3tWtGgTa0OF/dTt/zoPCPzXq4V11ZjxmEAFaPi/Zss1xIZdEB5RD8GD00U0/iVXgqkF77RV7pdQ==}
    engines: {node: '>=18.0.0'}
    peerDependencies:
      zod: ^3.18.0

  zod@3.23.8:
    resolution: {integrity: sha512-XBx9AXhXktjUqnepgTiE5flcKIYWi/rme0Eaj+5Y0lftuGBq+jyRu/md4WnuxqgP1ubdpNCsYEYPxrzVHD8d6g==}

snapshots:

  '@babel/generator@7.2.0':
    dependencies:
      '@babel/types': 7.24.7
      jsesc: 2.5.2
      lodash: 4.17.21
      source-map: 0.5.7
      trim-right: 1.0.1

  '@babel/helper-string-parser@7.24.7': {}

  '@babel/helper-validator-identifier@7.24.7': {}

  '@babel/types@7.24.7':
    dependencies:
      '@babel/helper-string-parser': 7.24.7
      '@babel/helper-validator-identifier': 7.24.7
      to-fast-properties: 2.0.0

  '@biomejs/biome@1.9.2':
    optionalDependencies:
      '@biomejs/cli-darwin-arm64': 1.9.2
      '@biomejs/cli-darwin-x64': 1.9.2
      '@biomejs/cli-linux-arm64': 1.9.2
      '@biomejs/cli-linux-arm64-musl': 1.9.2
      '@biomejs/cli-linux-x64': 1.9.2
      '@biomejs/cli-linux-x64-musl': 1.9.2
      '@biomejs/cli-win32-arm64': 1.9.2
      '@biomejs/cli-win32-x64': 1.9.2

  '@biomejs/cli-darwin-arm64@1.9.2':
    optional: true

  '@biomejs/cli-darwin-x64@1.9.2':
    optional: true

  '@biomejs/cli-linux-arm64-musl@1.9.2':
    optional: true

  '@biomejs/cli-linux-arm64@1.9.2':
    optional: true

  '@biomejs/cli-linux-x64-musl@1.9.2':
    optional: true

  '@biomejs/cli-linux-x64@1.9.2':
    optional: true

  '@biomejs/cli-win32-arm64@1.9.2':
    optional: true

  '@biomejs/cli-win32-x64@1.9.2':
    optional: true

  '@emnapi/runtime@1.2.0':
    dependencies:
      tslib: 2.6.3
    optional: true

  '@img/sharp-darwin-arm64@0.33.4':
    optionalDependencies:
      '@img/sharp-libvips-darwin-arm64': 1.0.2
    optional: true

  '@img/sharp-darwin-x64@0.33.4':
    optionalDependencies:
      '@img/sharp-libvips-darwin-x64': 1.0.2
    optional: true

  '@img/sharp-libvips-darwin-arm64@1.0.2':
    optional: true

  '@img/sharp-libvips-darwin-x64@1.0.2':
    optional: true

  '@img/sharp-libvips-linux-arm64@1.0.2':
    optional: true

  '@img/sharp-libvips-linux-arm@1.0.2':
    optional: true

  '@img/sharp-libvips-linux-s390x@1.0.2':
    optional: true

  '@img/sharp-libvips-linux-x64@1.0.2':
    optional: true

  '@img/sharp-libvips-linuxmusl-arm64@1.0.2':
    optional: true

  '@img/sharp-libvips-linuxmusl-x64@1.0.2':
    optional: true

  '@img/sharp-linux-arm64@0.33.4':
    optionalDependencies:
      '@img/sharp-libvips-linux-arm64': 1.0.2
    optional: true

  '@img/sharp-linux-arm@0.33.4':
    optionalDependencies:
      '@img/sharp-libvips-linux-arm': 1.0.2
    optional: true

  '@img/sharp-linux-s390x@0.33.4':
    optionalDependencies:
      '@img/sharp-libvips-linux-s390x': 1.0.2
    optional: true

  '@img/sharp-linux-x64@0.33.4':
    optionalDependencies:
      '@img/sharp-libvips-linux-x64': 1.0.2
    optional: true

  '@img/sharp-linuxmusl-arm64@0.33.4':
    optionalDependencies:
      '@img/sharp-libvips-linuxmusl-arm64': 1.0.2
    optional: true

  '@img/sharp-linuxmusl-x64@0.33.4':
    optionalDependencies:
      '@img/sharp-libvips-linuxmusl-x64': 1.0.2
    optional: true

  '@img/sharp-wasm32@0.33.4':
    dependencies:
      '@emnapi/runtime': 1.2.0
    optional: true

  '@img/sharp-win32-ia32@0.33.4':
    optional: true

  '@img/sharp-win32-x64@0.33.4':
    optional: true

  '@jest/types@24.9.0':
    dependencies:
      '@types/istanbul-lib-coverage': 2.0.6
      '@types/istanbul-reports': 1.1.2
      '@types/yargs': 13.0.12

  '@next/env@15.0.0-rc.0': {}

  '@next/swc-darwin-arm64@15.0.0-rc.0':
    optional: true

  '@next/swc-darwin-x64@15.0.0-rc.0':
    optional: true

  '@next/swc-linux-arm64-gnu@15.0.0-rc.0':
    optional: true

  '@next/swc-linux-arm64-musl@15.0.0-rc.0':
    optional: true

  '@next/swc-linux-x64-gnu@15.0.0-rc.0':
    optional: true

  '@next/swc-linux-x64-musl@15.0.0-rc.0':
    optional: true

  '@next/swc-win32-arm64-msvc@15.0.0-rc.0':
    optional: true

  '@next/swc-win32-ia32-msvc@15.0.0-rc.0':
    optional: true

  '@next/swc-win32-x64-msvc@15.0.0-rc.0':
    optional: true

  '@swc/helpers@0.5.11':
    dependencies:
      tslib: 2.6.3

  '@tailwindcss/node@4.0.0-alpha.23':
    dependencies:
      jiti: 2.0.0-beta.3

  '@tailwindcss/oxide-android-arm64@4.0.0-alpha.23':
    optional: true

  '@tailwindcss/oxide-darwin-arm64@4.0.0-alpha.23':
    optional: true

  '@tailwindcss/oxide-darwin-x64@4.0.0-alpha.23':
    optional: true

  '@tailwindcss/oxide-freebsd-x64@4.0.0-alpha.23':
    optional: true

  '@tailwindcss/oxide-linux-arm-gnueabihf@4.0.0-alpha.23':
    optional: true

  '@tailwindcss/oxide-linux-arm64-gnu@4.0.0-alpha.23':
    optional: true

  '@tailwindcss/oxide-linux-arm64-musl@4.0.0-alpha.23':
    optional: true

  '@tailwindcss/oxide-linux-x64-gnu@4.0.0-alpha.23':
    optional: true

  '@tailwindcss/oxide-linux-x64-musl@4.0.0-alpha.23':
    optional: true

  '@tailwindcss/oxide-win32-x64-msvc@4.0.0-alpha.23':
    optional: true

  '@tailwindcss/oxide@4.0.0-alpha.23':
    optionalDependencies:
      '@tailwindcss/oxide-android-arm64': 4.0.0-alpha.23
      '@tailwindcss/oxide-darwin-arm64': 4.0.0-alpha.23
      '@tailwindcss/oxide-darwin-x64': 4.0.0-alpha.23
      '@tailwindcss/oxide-freebsd-x64': 4.0.0-alpha.23
      '@tailwindcss/oxide-linux-arm-gnueabihf': 4.0.0-alpha.23
      '@tailwindcss/oxide-linux-arm64-gnu': 4.0.0-alpha.23
      '@tailwindcss/oxide-linux-arm64-musl': 4.0.0-alpha.23
      '@tailwindcss/oxide-linux-x64-gnu': 4.0.0-alpha.23
      '@tailwindcss/oxide-linux-x64-musl': 4.0.0-alpha.23
      '@tailwindcss/oxide-win32-x64-msvc': 4.0.0-alpha.23

  '@tailwindcss/postcss@4.0.0-alpha.23(postcss@8.4.47)':
    dependencies:
      '@tailwindcss/node': 4.0.0-alpha.23
      '@tailwindcss/oxide': 4.0.0-alpha.23
      lightningcss: 1.27.0
      postcss-import: 16.1.0(postcss@8.4.47)
      tailwindcss: 4.0.0-alpha.23
    transitivePeerDependencies:
      - postcss

  '@types/istanbul-lib-coverage@2.0.6': {}

  '@types/istanbul-lib-report@3.0.3':
    dependencies:
      '@types/istanbul-lib-coverage': 2.0.6

  '@types/istanbul-reports@1.1.2':
    dependencies:
      '@types/istanbul-lib-coverage': 2.0.6
      '@types/istanbul-lib-report': 3.0.3

  '@types/node@22.5.5':
    dependencies:
      undici-types: 6.19.8

  '@types/prop-types@15.7.13': {}

  '@types/react@18.3.8':
    dependencies:
      '@types/prop-types': 15.7.13
      csstype: 3.1.3

  '@types/yargs-parser@21.0.3': {}

  '@types/yargs@13.0.12':
    dependencies:
      '@types/yargs-parser': 21.0.3

  ansi-regex@4.1.1: {}

  ansi-styles@3.2.1:
    dependencies:
      color-convert: 1.9.3

  ansi-styles@4.3.0:
    dependencies:
      color-convert: 2.0.1

  autoprefixer@10.4.20(postcss@8.4.47):
    dependencies:
      browserslist: 4.23.3
      caniuse-lite: 1.0.30001649
      fraction.js: 4.3.7
      normalize-range: 0.1.2
      picocolors: 1.0.1
      postcss: 8.4.47
      postcss-value-parser: 4.2.0

  babel-plugin-react-compiler@0.0.0-experimental-938cd9a-20240601:
    dependencies:
      '@babel/generator': 7.2.0
      '@babel/types': 7.24.7
      chalk: 4.1.2
      invariant: 2.2.4
      pretty-format: 24.9.0
      zod: 3.23.8
      zod-validation-error: 2.1.0(zod@3.23.8)

  browserslist@4.23.3:
    dependencies:
      caniuse-lite: 1.0.30001649
      electron-to-chromium: 1.5.4
      node-releases: 2.0.18
      update-browserslist-db: 1.1.0(browserslist@4.23.3)

  busboy@1.6.0:
    dependencies:
      streamsearch: 1.1.0

  caniuse-lite@1.0.30001629: {}

  caniuse-lite@1.0.30001649: {}

  chalk@4.1.2:
    dependencies:
      ansi-styles: 4.3.0
      supports-color: 7.2.0

  client-only@0.0.1: {}

  color-convert@1.9.3:
    dependencies:
      color-name: 1.1.3

  color-convert@2.0.1:
    dependencies:
      color-name: 1.1.4

  color-name@1.1.3: {}

  color-name@1.1.4: {}

  color-string@1.9.1:
    dependencies:
      color-name: 1.1.4
      simple-swizzle: 0.2.2
    optional: true

  color@4.2.3:
    dependencies:
      color-convert: 2.0.1
      color-string: 1.9.1
    optional: true

  csstype@3.1.3: {}

  detect-libc@1.0.3: {}

  detect-libc@2.0.3:
    optional: true

  electron-to-chromium@1.5.4: {}

  escalade@3.1.2: {}

  fraction.js@4.3.7: {}

  function-bind@1.1.2: {}

  graceful-fs@4.2.11: {}

  has-flag@4.0.0: {}

  hasown@2.0.2:
    dependencies:
      function-bind: 1.1.2

  invariant@2.2.4:
    dependencies:
      loose-envify: 1.4.0

  is-arrayish@0.3.2:
    optional: true

  is-core-module@2.15.1:
    dependencies:
      hasown: 2.0.2

  jiti@2.0.0-beta.3: {}

  js-tokens@4.0.0: {}

  jsesc@2.5.2: {}

  lightningcss-darwin-arm64@1.27.0:
    optional: true

  lightningcss-darwin-x64@1.27.0:
    optional: true

  lightningcss-freebsd-x64@1.27.0:
    optional: true

  lightningcss-linux-arm-gnueabihf@1.27.0:
    optional: true

  lightningcss-linux-arm64-gnu@1.27.0:
    optional: true

  lightningcss-linux-arm64-musl@1.27.0:
    optional: true

  lightningcss-linux-x64-gnu@1.27.0:
    optional: true

  lightningcss-linux-x64-musl@1.27.0:
    optional: true

  lightningcss-win32-arm64-msvc@1.27.0:
    optional: true

  lightningcss-win32-x64-msvc@1.27.0:
    optional: true

  lightningcss@1.27.0:
    dependencies:
      detect-libc: 1.0.3
    optionalDependencies:
      lightningcss-darwin-arm64: 1.27.0
      lightningcss-darwin-x64: 1.27.0
      lightningcss-freebsd-x64: 1.27.0
      lightningcss-linux-arm-gnueabihf: 1.27.0
      lightningcss-linux-arm64-gnu: 1.27.0
      lightningcss-linux-arm64-musl: 1.27.0
      lightningcss-linux-x64-gnu: 1.27.0
      lightningcss-linux-x64-musl: 1.27.0
      lightningcss-win32-arm64-msvc: 1.27.0
      lightningcss-win32-x64-msvc: 1.27.0

  lodash@4.17.21: {}

  loose-envify@1.4.0:
    dependencies:
      js-tokens: 4.0.0

  nanoid@3.3.7: {}

  next@15.0.0-rc.0(babel-plugin-react-compiler@0.0.0-experimental-938cd9a-20240601)(react-dom@19.0.0-rc.0(react@19.0.0-rc.0))(react@19.0.0-rc.0):
    dependencies:
      '@next/env': 15.0.0-rc.0
      '@swc/helpers': 0.5.11
      busboy: 1.6.0
      caniuse-lite: 1.0.30001629
      graceful-fs: 4.2.11
      postcss: 8.4.31
      react: 19.0.0-rc.0
      react-dom: 19.0.0-rc.0(react@19.0.0-rc.0)
      styled-jsx: 5.1.3(react@19.0.0-rc.0)
    optionalDependencies:
      '@next/swc-darwin-arm64': 15.0.0-rc.0
      '@next/swc-darwin-x64': 15.0.0-rc.0
      '@next/swc-linux-arm64-gnu': 15.0.0-rc.0
      '@next/swc-linux-arm64-musl': 15.0.0-rc.0
      '@next/swc-linux-x64-gnu': 15.0.0-rc.0
      '@next/swc-linux-x64-musl': 15.0.0-rc.0
      '@next/swc-win32-arm64-msvc': 15.0.0-rc.0
      '@next/swc-win32-ia32-msvc': 15.0.0-rc.0
      '@next/swc-win32-x64-msvc': 15.0.0-rc.0
      babel-plugin-react-compiler: 0.0.0-experimental-938cd9a-20240601
      sharp: 0.33.4
    transitivePeerDependencies:
      - '@babel/core'
      - babel-plugin-macros

  node-releases@2.0.18: {}

  normalize-range@0.1.2: {}

  path-parse@1.0.7: {}

  picocolors@1.0.1: {}

  picocolors@1.1.0: {}

  pify@2.3.0: {}

  postcss-import@16.1.0(postcss@8.4.47):
    dependencies:
      postcss: 8.4.47
      postcss-value-parser: 4.2.0
      read-cache: 1.0.0
      resolve: 1.22.8

  postcss-value-parser@4.2.0: {}

  postcss@8.4.31:
    dependencies:
      nanoid: 3.3.7
      picocolors: 1.1.0
      source-map-js: 1.2.1

  postcss@8.4.47:
    dependencies:
      nanoid: 3.3.7
      picocolors: 1.1.0
      source-map-js: 1.2.1

  pretty-format@24.9.0:
    dependencies:
      '@jest/types': 24.9.0
      ansi-regex: 4.1.1
      ansi-styles: 3.2.1
      react-is: 16.13.1

  react-dom@19.0.0-rc.0(react@19.0.0-rc.0):
    dependencies:
      react: 19.0.0-rc.0
      scheduler: 0.25.0-rc.0

  react-icons@5.3.0(react@19.0.0-rc.0):
    dependencies:
      react: 19.0.0-rc.0

  react-is@16.13.1: {}

  react@19.0.0-rc.0: {}

  read-cache@1.0.0:
    dependencies:
      pify: 2.3.0

  resolve@1.22.8:
    dependencies:
      is-core-module: 2.15.1
      path-parse: 1.0.7
      supports-preserve-symlinks-flag: 1.0.0

  scheduler@0.25.0-rc.0: {}

  semver@7.6.2:
    optional: true

  sharp@0.33.4:
    dependencies:
      color: 4.2.3
      detect-libc: 2.0.3
      semver: 7.6.2
    optionalDependencies:
      '@img/sharp-darwin-arm64': 0.33.4
      '@img/sharp-darwin-x64': 0.33.4
      '@img/sharp-libvips-darwin-arm64': 1.0.2
      '@img/sharp-libvips-darwin-x64': 1.0.2
      '@img/sharp-libvips-linux-arm': 1.0.2
      '@img/sharp-libvips-linux-arm64': 1.0.2
      '@img/sharp-libvips-linux-s390x': 1.0.2
      '@img/sharp-libvips-linux-x64': 1.0.2
      '@img/sharp-libvips-linuxmusl-arm64': 1.0.2
      '@img/sharp-libvips-linuxmusl-x64': 1.0.2
      '@img/sharp-linux-arm': 0.33.4
      '@img/sharp-linux-arm64': 0.33.4
      '@img/sharp-linux-s390x': 0.33.4
      '@img/sharp-linux-x64': 0.33.4
      '@img/sharp-linuxmusl-arm64': 0.33.4
      '@img/sharp-linuxmusl-x64': 0.33.4
      '@img/sharp-wasm32': 0.33.4
      '@img/sharp-win32-ia32': 0.33.4
      '@img/sharp-win32-x64': 0.33.4
    optional: true

  simple-swizzle@0.2.2:
    dependencies:
      is-arrayish: 0.3.2
    optional: true

  source-map-js@1.2.1: {}

  source-map@0.5.7: {}

  streamsearch@1.1.0: {}

  styled-jsx@5.1.3(react@19.0.0-rc.0):
    dependencies:
      client-only: 0.0.1
      react: 19.0.0-rc.0

  supports-color@7.2.0:
    dependencies:
      has-flag: 4.0.0

  supports-preserve-symlinks-flag@1.0.0: {}

  tailwindcss@4.0.0-alpha.23: {}

  to-fast-properties@2.0.0: {}

  trim-right@1.0.1: {}

  tslib@2.6.3: {}

  typescript@5.6.2: {}

  undici-types@6.19.8: {}

  update-browserslist-db@1.1.0(browserslist@4.23.3):
    dependencies:
      browserslist: 4.23.3
      escalade: 3.1.2
      picocolors: 1.0.1

  zod-validation-error@2.1.0(zod@3.23.8):
    dependencies:
      zod: 3.23.8

  zod@3.23.8: {}
